dependencies:
- name: postgresql
  repository: https://charts.bitnami.com/bitnami
  version: 13.2.16
- name: redis
  repository: https://charts.bitnami.com/bitnami
  version: 16.12.2
digest: sha256:91088a516481a5a8544bd37598f9d1fade21458d607d1cd7761049a57fe67d3d
generated: "2023-11-26T23:57:00.441101+05:30"
